// !$*UTF8*$!
{
	archiveVersion = 1;
	classes = {
	};
	objectVersion = 56;
	objects = {

/* Begin PBXBuildFile section */
		8E527CB72D711C0800C30918 /* Oswald-VariableFont_wght.ttf in Resources */ = {isa = PBXBuildFile; fileRef = 8E527CB62D711C0800C30918 /* Oswald-VariableFont_wght.ttf */; };
		8E6F7CF72D70DCA100C30419 /* AppDelegate.swift in Sources */ = {isa = PBXBuildFile; fileRef = 8E6F7CF62D70DCA100C30419 /* AppDelegate.swift */; };
		8E6F7CF92D70DCA100C30419 /* SceneDelegate.swift in Sources */ = {isa = PBXBuildFile; fileRef = 8E6F7CF82D70DCA100C30419 /* SceneDelegate.swift */; };
		8E6F7CFB2D70DCA100C30419 /* ViewController.swift in Sources */ = {isa = PBXBuildFile; fileRef = 8E6F7CFA2D70DCA100C30419 /* ViewController.swift */; };
		8E6F7CFE2D70DCA100C30419 /* Main.storyboard in Resources */ = {isa = PBXBuildFile; fileRef = 8E6F7CFC2D70DCA100C30419 /* Main.storyboard */; };
		8E6F7D002D70DCA300C30419 /* Assets.xcassets in Resources */ = {isa = PBXBuildFile; fileRef = 8E6F7CFF2D70DCA300C30419 /* Assets.xcassets */; };
		8E6F7D032D70DCA300C30419 /* LaunchScreen.storyboard in Resources */ = {isa = PBXBuildFile; fileRef = 8E6F7D012D70DCA300C30419 /* LaunchScreen.storyboard */; };
		8E6F7D0E2D70DCA400C30419 /* BlogTasarimTests.swift in Sources */ = {isa = PBXBuildFile; fileRef = 8E6F7D0D2D70DCA400C30419 /* BlogTasarimTests.swift */; };
		8E6F7D182D70DCA400C30419 /* BlogTasarimUITests.swift in Sources */ = {isa = PBXBuildFile; fileRef = 8E6F7D172D70DCA400C30419 /* BlogTasarimUITests.swift */; };
		8E6F7D1A2D70DCA400C30419 /* BlogTasarimUITestsLaunchTests.swift in Sources */ = {isa = PBXBuildFile; fileRef = 8E6F7D192D70DCA400C30419 /* BlogTasarimUITestsLaunchTests.swift */; };
/* End PBXBuildFile section */

/* Begin PBXContainerItemProxy section */
		8E6F7D0A2D70DCA400C30419 /* PBXContainerItemProxy */ = {
			isa = PBXContainerItemProxy;
			containerPortal = 8E6F7CEB2D70DCA100C30419 /* Project object */;
			proxyType = 1;
			remoteGlobalIDString = 8E6F7CF22D70DCA100C30419;
			remoteInfo = BlogTasarim;
		};
		8E6F7D142D70DCA400C30419 /* PBXContainerItemProxy */ = {
			isa = PBXContainerItemProxy;
			containerPortal = 8E6F7CEB2D70DCA100C30419 /* Project object */;
			proxyType = 1;
			remoteGlobalIDString = 8E6F7CF22D70DCA100C30419;
			remoteInfo = BlogTasarim;
		};
/* End PBXContainerItemProxy section */

/* Begin PBXFileReference section */
		8E527CB62D711C0800C30918 /* Oswald-VariableFont_wght.ttf */ = {isa = PBXFileReference; lastKnownFileType = file; path = "Oswald-VariableFont_wght.ttf"; sourceTree = "<group>"; };
		8E6F7CF32D70DCA100C30419 /* BlogTasarim.app */ = {isa = PBXFileReference; explicitFileType = wrapper.application; includeInIndex = 0; path = BlogTasarim.app; sourceTree = BUILT_PRODUCTS_DIR; };
		8E6F7CF62D70DCA100C30419 /* AppDelegate.swift */ = {isa = PBXFileReference; lastKnownFileType = sourcecode.swift; path = AppDelegate.swift; sourceTree = "<group>"; };
		8E6F7CF82D70DCA100C30419 /* SceneDelegate.swift */ = {isa = PBXFileReference; lastKnownFileType = sourcecode.swift; path = SceneDelegate.swift; sourceTree = "<group>"; };
		8E6F7CFA2D70DCA100C30419 /* ViewController.swift */ = {isa = PBXFileReference; lastKnownFileType = sourcecode.swift; path = ViewController.swift; sourceTree = "<group>"; };
		8E6F7CFD2D70DCA100C30419 /* Base */ = {isa = PBXFileReference; lastKnownFileType = file.storyboard; name = Base; path = Base.lproj/Main.storyboard; sourceTree = "<group>"; };
		8E6F7CFF2D70DCA300C30419 /* Assets.xcassets */ = {isa = PBXFileReference; lastKnownFileType = folder.assetcatalog; path = Assets.xcassets; sourceTree = "<group>"; };
		8E6F7D022D70DCA300C30419 /* Base */ = {isa = PBXFileReference; lastKnownFileType = file.storyboard; name = Base; path = Base.lproj/LaunchScreen.storyboard; sourceTree = "<group>"; };
		8E6F7D042D70DCA300C30419 /* Info.plist */ = {isa = PBXFileReference; lastKnownFileType = text.plist.xml; path = Info.plist; sourceTree = "<group>"; };
		8E6F7D092D70DCA400C30419 /* BlogTasarimTests.xctest */ = {isa = PBXFileReference; explicitFileType = wrapper.cfbundle; includeInIndex = 0; path = BlogTasarimTests.xctest; sourceTree = BUILT_PRODUCTS_DIR; };
		8E6F7D0D2D70DCA400C30419 /* BlogTasarimTests.swift */ = {isa = PBXFileReference; lastKnownFileType = sourcecode.swift; path = BlogTasarimTests.swift; sourceTree = "<group>"; };
		8E6F7D132D70DCA400C30419 /* BlogTasarimUITests.xctest */ = {isa = PBXFileReference; explicitFileType = wrapper.cfbundle; includeInIndex = 0; path = BlogTasarimUITests.xctest; sourceTree = BUILT_PRODUCTS_DIR; };
		8E6F7D172D70DCA400C30419 /* BlogTasarimUITests.swift */ = {isa = PBXFileReference; lastKnownFileType = sourcecode.swift; path = BlogTasarimUITests.swift; sourceTree = "<group>"; };
		8E6F7D192D70DCA400C30419 /* BlogTasarimUITestsLaunchTests.swift */ = {isa = PBXFileReference; lastKnownFileType = sourcecode.swift; path = BlogTasarimUITestsLaunchTests.swift; sourceTree = "<group>"; };
/* End PBXFileReference section */

/* Begin PBXFrameworksBuildPhase section */
		8E6F7CF02D70DCA100C30419 /* Frameworks */ = {
			isa = PBXFrameworksBuildPhase;
			buildActionMask = 2147483647;
			files = (
			);
			runOnlyForDeploymentPostprocessing = 0;
		};
		8E6F7D062D70DCA400C30419 /* Frameworks */ = {
			isa = PBXFrameworksBuildPhase;
			buildActionMask = 2147483647;
			files = (
			);
			runOnlyForDeploymentPostprocessing = 0;
		};
		8E6F7D102D70DCA400C30419 /* Frameworks */ = {
			isa = PBXFrameworksBuildPhase;
			buildActionMask = 2147483647;
			files = (
			);
			runOnlyForDeploymentPostprocessing = 0;
		};
/* End PBXFrameworksBuildPhase section */

/* Begin PBXGroup section */
		8E527CB52D711A5100C30918 /* Fonts */ = {
			isa = PBXGroup;
			children = (
				8E527CB62D711C0800C30918 /* Oswald-VariableFont_wght.ttf */,
			);
			path = Fonts;
			sourceTree = "<group>";
		};
		8E6F7CEA2D70DCA100C30419 = {
			isa = PBXGroup;
			children = (
				8E6F7CF52D70DCA100C30419 /* BlogTasarim */,
				8E6F7D0C2D70DCA400C30419 /* BlogTasarimTests */,
				8E6F7D162D70DCA400C30419 /* BlogTasarimUITests */,
				8E6F7CF42D70DCA100C30419 /* Products */,
			);
			sourceTree = "<group>";
		};
		8E6F7CF42D70DCA100C30419 /* Products */ = {
			isa = PBXGroup;
			children = (
				8E6F7CF32D70DCA100C30419 /* BlogTasarim.app */,
				8E6F7D092D70DCA400C30419 /* BlogTasarimTests.xctest */,
				8E6F7D132D70DCA400C30419 /* BlogTasarimUITests.xctest */,
			);
			name = Products;
			sourceTree = "<group>";
		};
		8E6F7CF52D70DCA100C30419 /* BlogTasarim */ = {
			isa = PBXGroup;
			children = (
				8E527CB52D711A5100C30918 /* Fonts */,
				8E6F7CF62D70DCA100C30419 /* AppDelegate.swift */,
				8E6F7CF82D70DCA100C30419 /* SceneDelegate.swift */,
				8E6F7CFA2D70DCA100C30419 /* ViewController.swift */,
				8E6F7CFC2D70DCA100C30419 /* Main.storyboard */,
				8E6F7CFF2D70DCA300C30419 /* Assets.xcassets */,
				8E6F7D012D70DCA300C30419 /* LaunchScreen.storyboard */,
				8E6F7D042D70DCA300C30419 /* Info.plist */,
			);
			path = BlogTasarim;
			sourceTree = "<group>";
		};
		8E6F7D0C2D70DCA400C30419 /* BlogTasarimTests */ = {
			isa = PBXGroup;
			children = (
				8E6F7D0D2D70DCA400C30419 /* BlogTasarimTests.swift */,
			);
			path = BlogTasarimTests;
			sourceTree = "<group>";
		};
		8E6F7D162D70DCA400C30419 /* BlogTasarimUITests */ = {
			isa = PBXGroup;
			children = (
				8E6F7D172D70DCA400C30419 /* BlogTasarimUITests.swift */,
				8E6F7D192D70DCA400C30419 /* BlogTasarimUITestsLaunchTests.swift */,
			);
			path = BlogTasarimUITests;
			sourceTree = "<group>";
		};
/* End PBXGroup section */

/* Begin PBXNativeTarget section */
		8E6F7CF22D70DCA100C30419 /* BlogTasarim */ = {
			isa = PBXNativeTarget;
			buildConfigurationList = 8E6F7D1D2D70DCA400C30419 /* Build configuration list for PBXNativeTarget "BlogTasarim" */;
			buildPhases = (
				8E6F7CEF2D70DCA100C30419 /* Sources */,
				8E6F7CF02D70DCA100C30419 /* Frameworks */,
				8E6F7CF12D70DCA100C30419 /* Resources */,
			);
			buildRules = (
			);
			dependencies = (
			);
			name = BlogTasarim;
			productName = BlogTasarim;
			productReference = 8E6F7CF32D70DCA100C30419 /* BlogTasarim.app */;
			productType = "com.apple.product-type.application";
		};
		8E6F7D082D70DCA400C30419 /* BlogTasarimTests */ = {
			isa = PBXNativeTarget;
			buildConfigurationList = 8E6F7D202D70DCA400C30419 /* Build configuration list for PBXNativeTarget "BlogTasarimTests" */;
			buildPhases = (
				8E6F7D052D70DCA400C30419 /* Sources */,
				8E6F7D062D70DCA400C30419 /* Frameworks */,
				8E6F7D072D70DCA400C30419 /* Resources */,
			);
			buildRules = (
			);
			dependencies = (
				8E6F7D0B2D70DCA400C30419 /* PBXTargetDependency */,
			);
			name = BlogTasarimTests;
			productName = BlogTasarimTests;
			productReference = 8E6F7D092D70DCA400C30419 /* BlogTasarimTests.xctest */;
			productType = "com.apple.product-type.bundle.unit-test";
		};
		8E6F7D122D70DCA400C30419 /* BlogTasarimUITests */ = {
			isa = PBXNativeTarget;
			buildConfigurationList = 8E6F7D232D70DCA400C30419 /* Build configuration list for PBXNativeTarget "BlogTasarimUITests" */;
			buildPhases = (
				8E6F7D0F2D70DCA400C30419 /* Sources */,
				8E6F7D102D70DCA400C30419 /* Frameworks */,
				8E6F7D112D70DCA400C30419 /* Resources */,
			);
			buildRules = (
			);
			dependencies = (
				8E6F7D152D70DCA400C30419 /* PBXTargetDependency */,
			);
			name = BlogTasarimUITests;
			productName = BlogTasarimUITests;
			productReference = 8E6F7D132D70DCA400C30419 /* BlogTasarimUITests.xctest */;
			productType = "com.apple.product-type.bundle.ui-testing";
		};
/* End PBXNativeTarget section */

/* Begin PBXProject section */
		8E6F7CEB2D70DCA100C30419 /* Project object */ = {
			isa = PBXProject;
			attributes = {
				BuildIndependentTargetsInParallel = 1;
				LastSwiftUpdateCheck = 1430;
				LastUpgradeCheck = 1430;
				TargetAttributes = {
					8E6F7CF22D70DCA100C30419 = {
						CreatedOnToolsVersion = 14.3.1;
					};
					8E6F7D082D70DCA400C30419 = {
						CreatedOnToolsVersion = 14.3.1;
						TestTargetID = 8E6F7CF22D70DCA100C30419;
					};
					8E6F7D122D70DCA400C30419 = {
						CreatedOnToolsVersion = 14.3.1;
						TestTargetID = 8E6F7CF22D70DCA100C30419;
					};
				};
			};
			buildConfigurationList = 8E6F7CEE2D70DCA100C30419 /* Build configuration list for PBXProject "BlogTasarim" */;
			compatibilityVersion = "Xcode 14.0";
			developmentRegion = en;
			hasScannedForEncodings = 0;
			knownRegions = (
				en,
				Base,
			);
			mainGroup = 8E6F7CEA2D70DCA100C30419;
			productRefGroup = 8E6F7CF42D70DCA100C30419 /* Products */;
			projectDirPath = "";
			projectRoot = "";
			targets = (
				8E6F7CF22D70DCA100C30419 /* BlogTasarim */,
				8E6F7D082D70DCA400C30419 /* BlogTasarimTests */,
				8E6F7D122D70DCA400C30419 /* BlogTasarimUITests */,
			);
		};
/* End PBXProject section */

/* Begin PBXResourcesBuildPhase section */
		8E6F7CF12D70DCA100C30419 /* Resources */ = {
			isa = PBXResourcesBuildPhase;
			buildActionMask = 2147483647;
			files = (
				8E6F7D032D70DCA300C30419 /* LaunchScreen.storyboard in Resources */,
				8E527CB72D711C0800C30918 /* Oswald-VariableFont_wght.ttf in Resources */,
				8E6F7D002D70DCA300C30419 /* Assets.xcassets in Resources */,
				8E6F7CFE2D70DCA100C30419 /* Main.storyboard in Resources */,
			);
			runOnlyForDeploymentPostprocessing = 0;
		};
		8E6F7D072D70DCA400C30419 /* Resources */ = {
			isa = PBXResourcesBuildPhase;
			buildActionMask = 2147483647;
			files = (
			);
			runOnlyForDeploymentPostprocessing = 0;
		};
		8E6F7D112D70DCA400C30419 /* Resources */ = {
			isa = PBXResourcesBuildPhase;
			buildActionMask = 2147483647;
			files = (
			);
			runOnlyForDeploymentPostprocessing = 0;
		};
/* End PBXResourcesBuildPhase section */

/* Begin PBXSourcesBuildPhase section */
		8E6F7CEF2D70DCA100C30419 /* Sources */ = {
			isa = PBXSourcesBuildPhase;
			buildActionMask = 2147483647;
			files = (
				8E6F7CFB2D70DCA100C30419 /* ViewController.swift in Sources */,
				8E6F7CF72D70DCA100C30419 /* AppDelegate.swift in Sources */,
				8E6F7CF92D70DCA100C30419 /* SceneDelegate.swift in Sources */,
			);
			runOnlyForDeploymentPostprocessing = 0;
		};
		8E6F7D052D70DCA400C30419 /* Sources */ = {
			isa = PBXSourcesBuildPhase;
			buildActionMask = 2147483647;
			files = (
				8E6F7D0E2D70DCA400C30419 /* BlogTasarimTests.swift in Sources */,
			);
			runOnlyForDeploymentPostprocessing = 0;
		};
		8E6F7D0F2D70DCA400C30419 /* Sources */ = {
			isa = PBXSourcesBuildPhase;
			buildActionMask = 2147483647;
			files = (
				8E6F7D1A2D70DCA400C30419 /* BlogTasarimUITestsLaunchTests.swift in Sources */,
				8E6F7D182D70DCA400C30419 /* BlogTasarimUITests.swift in Sources */,
			);
			runOnlyForDeploymentPostprocessing = 0;
		};
/* End PBXSourcesBuildPhase section */

/* Begin PBXTargetDependency section */
		8E6F7D0B2D70DCA400C30419 /* PBXTargetDependency */ = {
			isa = PBXTargetDependency;
			target = 8E6F7CF22D70DCA100C30419 /* BlogTasarim */;
			targetProxy = 8E6F7D0A2D70DCA400C30419 /* PBXContainerItemProxy */;
		};
		8E6F7D152D70DCA400C30419 /* PBXTargetDependency */ = {
			isa = PBXTargetDependency;
			target = 8E6F7CF22D70DCA100C30419 /* BlogTasarim */;
			targetProxy = 8E6F7D142D70DCA400C30419 /* PBXContainerItemProxy */;
		};
/* End PBXTargetDependency section */

/* Begin PBXVariantGroup section */
		8E6F7CFC2D70DCA100C30419 /* Main.storyboard */ = {
			isa = PBXVariantGroup;
			children = (
				8E6F7CFD2D70DCA100C30419 /* Base */,
			);
			name = Main.storyboard;
			sourceTree = "<group>";
		};
		8E6F7D012D70DCA300C30419 /* LaunchScreen.storyboard */ = {
			isa = PBXVariantGroup;
			children = (
				8E6F7D022D70DCA300C30419 /* Base */,
			);
			name = LaunchScreen.storyboard;
			sourceTree = "<group>";
		};
/* End PBXVariantGroup section */

/* Begin XCBuildConfiguration section */
		8E6F7D1B2D70DCA400C30419 /* Debug */ = {
			isa = XCBuildConfiguration;
			buildSettings = {
				ALWAYS_SEARCH_USER_PATHS = NO;
				CLANG_ANALYZER_NONNULL = YES;
				CLANG_ANALYZER_NUMBER_OBJECT_CONVERSION = YES_AGGRESSIVE;
				CLANG_CXX_LANGUAGE_STANDARD = "gnu++20";
				CLANG_ENABLE_MODULES = YES;
				CLANG_ENABLE_OBJC_ARC = YES;
				CLANG_ENABLE_OBJC_WEAK = YES;
				CLANG_WARN_BLOCK_CAPTURE_AUTORELEASING = YES;
				CLANG_WARN_BOOL_CONVERSION = YES;
				CLANG_WARN_COMMA = YES;
				CLANG_WARN_CONSTANT_CONVERSION = YES;
				CLANG_WARN_DEPRECATED_OBJC_IMPLEMENTATIONS = YES;
				CLANG_WARN_DIRECT_OBJC_ISA_USAGE = YES_ERROR;
				CLANG_WARN_DOCUMENTATION_COMMENTS = YES;
				CLANG_WARN_EMPTY_BODY = YES;
				CLANG_WARN_ENUM_CONVERSION = YES;
				CLANG_WARN_INFINITE_RECURSION = YES;
				CLANG_WARN_INT_CONVERSION = YES;
				CLANG_WARN_NON_LITERAL_NULL_CONVERSION = YES;
				CLANG_WARN_OBJC_IMPLICIT_RETAIN_SELF = YES;
				CLANG_WARN_OBJC_LITERAL_CONVERSION = YES;
				CLANG_WARN_OBJC_ROOT_CLASS = YES_ERROR;
				CLANG_WARN_QUOTED_INCLUDE_IN_FRAMEWORK_HEADER = YES;
				CLANG_WARN_RANGE_LOOP_ANALYSIS = YES;
				CLANG_WARN_STRICT_PROTOTYPES = YES;
				CLANG_WARN_SUSPICIOUS_MOVE = YES;
				CLANG_WARN_UNGUARDED_AVAILABILITY = YES_AGGRESSIVE;
				CLANG_WARN_UNREACHABLE_CODE = YES;
				CLANG_WARN__DUPLICATE_METHOD_MATCH = YES;
				COPY_PHASE_STRIP = NO;
				DEBUG_INFORMATION_FORMAT = dwarf;
				ENABLE_STRICT_OBJC_MSGSEND = YES;
				ENABLE_TESTABILITY = YES;
				GCC_C_LANGUAGE_STANDARD = gnu11;
				GCC_DYNAMIC_NO_PIC = NO;
				GCC_NO_COMMON_BLOCKS = YES;
				GCC_OPTIMIZATION_LEVEL = 0;
				GCC_PREPROCESSOR_DEFINITIONS = (
					"DEBUG=1",
					"$(inherited)",
				);
				GCC_WARN_64_TO_32_BIT_CONVERSION = YES;
				GCC_WARN_ABOUT_RETURN_TYPE = YES_ERROR;
				GCC_WARN_UNDECLARED_SELECTOR = YES;
				GCC_WARN_UNINITIALIZED_AUTOS = YES_AGGRESSIVE;
				GCC_WARN_UNUSED_FUNCTION = YES;
				GCC_WARN_UNUSED_VARIABLE = YES;
				IPHONEOS_DEPLOYMENT_TARGET = 16.4;
				MTL_ENABLE_DEBUG_INFO = INCLUDE_SOURCE;
				MTL_FAST_MATH = YES;
				ONLY_ACTIVE_ARCH = YES;
				SDKROOT = iphoneos;
				SWIFT_ACTIVE_COMPILATION_CONDITIONS = DEBUG;
				SWIFT_OPTIMIZATION_LEVEL = "-Onone";
			};
			name = Debug;
		};
		8E6F7D1C2D70DCA400C30419 /* Release */ = {
			isa = XCBuildConfiguration;
			buildSettings = {
				ALWAYS_SEARCH_USER_PATHS = NO;
				CLANG_ANALYZER_NONNULL = YES;
				CLANG_ANALYZER_NUMBER_OBJECT_CONVERSION = YES_AGGRESSIVE;
				CLANG_CXX_LANGUAGE_STANDARD = "gnu++20";
				CLANG_ENABLE_MODULES = YES;
				CLANG_ENABLE_OBJC_ARC = YES;
				CLANG_ENABLE_OBJC_WEAK = YES;
				CLANG_WARN_BLOCK_CAPTURE_AUTORELEASING = YES;
				CLANG_WARN_BOOL_CONVERSION = YES;
				CLANG_WARN_COMMA = YES;
				CLANG_WARN_CONSTANT_CONVERSION = YES;
				CLANG_WARN_DEPRECATED_OBJC_IMPLEMENTATIONS = YES;
				CLANG_WARN_DIRECT_OBJC_ISA_USAGE = YES_ERROR;
				CLANG_WARN_DOCUMENTATION_COMMENTS = YES;
				CLANG_WARN_EMPTY_BODY = YES;
				CLANG_WARN_ENUM_CONVERSION = YES;
				CLANG_WARN_INFINITE_RECURSION = YES;
				CLANG_WARN_INT_CONVERSION = YES;
				CLANG_WARN_NON_LITERAL_NULL_CONVERSION = YES;
				CLANG_WARN_OBJC_IMPLICIT_RETAIN_SELF = YES;
				CLANG_WARN_OBJC_LITERAL_CONVERSION = YES;
				CLANG_WARN_OBJC_ROOT_CLASS = YES_ERROR;
				CLANG_WARN_QUOTED_INCLUDE_IN_FRAMEWORK_HEADER = YES;
				CLANG_WARN_RANGE_LOOP_ANALYSIS = YES;
				CLANG_WARN_STRICT_PROTOTYPES = YES;
				CLANG_WARN_SUSPICIOUS_MOVE = YES;
				CLANG_WARN_UNGUARDED_AVAILABILITY = YES_AGGRESSIVE;
				CLANG_WARN_UNREACHABLE_CODE = YES;
				CLANG_WARN__DUPLICATE_METHOD_MATCH = YES;
				COPY_PHASE_STRIP = NO;
				DEBUG_INFORMATION_FORMAT = "dwarf-with-dsym";
				ENABLE_NS_ASSERTIONS = NO;
				ENABLE_STRICT_OBJC_MSGSEND = YES;
				GCC_C_LANGUAGE_STANDARD = gnu11;
				GCC_NO_COMMON_BLOCKS = YES;
				GCC_WARN_64_TO_32_BIT_CONVERSION = YES;
				GCC_WARN_ABOUT_RETURN_TYPE = YES_ERROR;
				GCC_WARN_UNDECLARED_SELECTOR = YES;
				GCC_WARN_UNINITIALIZED_AUTOS = YES_AGGRESSIVE;
				GCC_WARN_UNUSED_FUNCTION = YES;
				GCC_WARN_UNUSED_VARIABLE = YES;
				IPHONEOS_DEPLOYMENT_TARGET = 16.4;
				MTL_ENABLE_DEBUG_INFO = NO;
				MTL_FAST_MATH = YES;
				SDKROOT = iphoneos;
				SWIFT_COMPILATION_MODE = wholemodule;
				SWIFT_OPTIMIZATION_LEVEL = "-O";
				VALIDATE_PRODUCT = YES;
			};
			name = Release;
		};
		8E6F7D1E2D70DCA400C30419 /* Debug */ = {
			isa = XCBuildConfiguration;
			buildSettings = {
				ASSETCATALOG_COMPILER_APPICON_NAME = AppIcon;
				ASSETCATALOG_COMPILER_GLOBAL_ACCENT_COLOR_NAME = AccentColor;
				CODE_SIGN_STYLE = Automatic;
				CURRENT_PROJECT_VERSION = 1;
				GENERATE_INFOPLIST_FILE = YES;
				INFOPLIST_FILE = BlogTasarim/Info.plist;
				INFOPLIST_KEY_UIApplicationSupportsIndirectInputEvents = YES;
				INFOPLIST_KEY_UILaunchStoryboardName = LaunchScreen;
				INFOPLIST_KEY_UIMainStoryboardFile = Main;
				INFOPLIST_KEY_UISupportedInterfaceOrientations_iPad = "UIInterfaceOrientationPortrait UIInterfaceOrientationPortraitUpsideDown UIInterfaceOrientationLandscapeLeft UIInterfaceOrientationLandscapeRight";
				INFOPLIST_KEY_UISupportedInterfaceOrientations_iPhone = "UIInterfaceOrientationPortrait UIInterfaceOrientationLandscapeLeft UIInterfaceOrientationLandscapeRight";
				LD_RUNPATH_SEARCH_PATHS = (
					"$(inherited)",
					"@executable_path/Frameworks",
				);
				MARKETING_VERSION = 1.0;
				PRODUCT_BUNDLE_IDENTIFIER = alihasann.BlogTasarim;
				PRODUCT_NAME = "$(TARGET_NAME)";
				SWIFT_EMIT_LOC_STRINGS = YES;
				SWIFT_VERSION = 5.0;
				TARGETED_DEVICE_FAMILY = "1,2";
			};
			name = Debug;
		};
		8E6F7D1F2D70DCA400C30419 /* Release */ = {
			isa = XCBuildConfiguration;
			buildSettings = {
				ASSETCATALOG_COMPILER_APPICON_NAME = AppIcon;
				ASSETCATALOG_COMPILER_GLOBAL_ACCENT_COLOR_NAME = AccentColor;
				CODE_SIGN_STYLE = Automatic;
				CURRENT_PROJECT_VERSION = 1;
				GENERATE_INFOPLIST_FILE = YES;
				INFOPLIST_FILE = BlogTasarim/Info.plist;
				INFOPLIST_KEY_UIApplicationSupportsIndirectInputEvents = YES;
				INFOPLIST_KEY_UILaunchStoryboardName = LaunchScreen;
				INFOPLIST_KEY_UIMainStoryboardFile = Main;
				INFOPLIST_KEY_UISupportedInterfaceOrientations_iPad = "UIInterfaceOrientationPortrait UIInterfaceOrientationPortraitUpsideDown UIInterfaceOrientationLandscapeLeft UIInterfaceOrientationLandscapeRight";
				INFOPLIST_KEY_UISupportedInterfaceOrientations_iPhone = "UIInterfaceOrientationPortrait UIInterfaceOrientationLandscapeLeft UIInterfaceOrientationLandscapeRight";
				LD_RUNPATH_SEARCH_PATHS = (
					"$(inherited)",
					"@executable_path/Frameworks",
				);
				MARKETING_VERSION = 1.0;
				PRODUCT_BUNDLE_IDENTIFIER = alihasann.BlogTasarim;
				PRODUCT_NAME = "$(TARGET_NAME)";
				SWIFT_EMIT_LOC_STRINGS = YES;
				SWIFT_VERSION = 5.0;
				TARGETED_DEVICE_FAMILY = "1,2";
			};
			name = Release;
		};
		8E6F7D212D70DCA400C30419 /* Debug */ = {
			isa = XCBuildConfiguration;
			buildSettings = {
				ALWAYS_EMBED_SWIFT_STANDARD_LIBRARIES = YES;
				BUNDLE_LOADER = "$(TEST_HOST)";
				CODE_SIGN_STYLE = Automatic;
				CURRENT_PROJECT_VERSION = 1;
				GENERATE_INFOPLIST_FILE = YES;
				IPHONEOS_DEPLOYMENT_TARGET = 16.4;
				MARKETING_VERSION = 1.0;
				PRODUCT_BUNDLE_IDENTIFIER = alihasann.BlogTasarimTests;
				PRODUCT_NAME = "$(TARGET_NAME)";
				SWIFT_EMIT_LOC_STRINGS = NO;
				SWIFT_VERSION = 5.0;
				TARGETED_DEVICE_FAMILY = "1,2";
				TEST_HOST = "$(BUILT_PRODUCTS_DIR)/BlogTasarim.app/$(BUNDLE_EXECUTABLE_FOLDER_PATH)/BlogTasarim";
			};
			name = Debug;
		};
		8E6F7D222D70DCA400C30419 /* Release */ = {
			isa = XCBuildConfiguration;
			buildSettings = {
				ALWAYS_EMBED_SWIFT_STANDARD_LIBRARIES = YES;
				BUNDLE_LOADER = "$(TEST_HOST)";
				CODE_SIGN_STYLE = Automatic;
				CURRENT_PROJECT_VERSION = 1;
				GENERATE_INFOPLIST_FILE = YES;
				IPHONEOS_DEPLOYMENT_TARGET = 16.4;
				MARKETING_VERSION = 1.0;
				PRODUCT_BUNDLE_IDENTIFIER = alihasann.BlogTasarimTests;
				PRODUCT_NAME = "$(TARGET_NAME)";
				SWIFT_EMIT_LOC_STRINGS = NO;
				SWIFT_VERSION = 5.0;
				TARGETED_DEVICE_FAMILY = "1,2";
				TEST_HOST = "$(BUILT_PRODUCTS_DIR)/BlogTasarim.app/$(BUNDLE_EXECUTABLE_FOLDER_PATH)/BlogTasarim";
			};
			name = Release;
		};
		8E6F7D242D70DCA400C30419 /* Debug */ = {
			isa = XCBuildConfiguration;
			buildSettings = {
				ALWAYS_EMBED_SWIFT_STANDARD_LIBRARIES = YES;
				CODE_SIGN_STYLE = Automatic;
				CURRENT_PROJECT_VERSION = 1;
				GENERATE_INFOPLIST_FILE = YES;
				MARKETING_VERSION = 1.0;
				PRODUCT_BUNDLE_IDENTIFIER = alihasann.BlogTasarimUITests;
				PRODUCT_NAME = "$(TARGET_NAME)";
				SWIFT_EMIT_LOC_STRINGS = NO;
				SWIFT_VERSION = 5.0;
				TARGETED_DEVICE_FAMILY = "1,2";
				TEST_TARGET_NAME = BlogTasarim;
			};
			name = Debug;
		};
		8E6F7D252D70DCA400C30419 /* Release */ = {
			isa = XCBuildConfiguration;
			buildSettings = {
				ALWAYS_EMBED_SWIFT_STANDARD_LIBRARIES = YES;
				CODE_SIGN_STYLE = Automatic;
				CURRENT_PROJECT_VERSION = 1;
				GENERATE_INFOPLIST_FILE = YES;
				MARKETING_VERSION = 1.0;
				PRODUCT_BUNDLE_IDENTIFIER = alihasann.BlogTasarimUITests;
				PRODUCT_NAME = "$(TARGET_NAME)";
				SWIFT_EMIT_LOC_STRINGS = NO;
				SWIFT_VERSION = 5.0;
				TARGETED_DEVICE_FAMILY = "1,2";
				TEST_TARGET_NAME = BlogTasarim;
			};
			name = Release;
		};
/* End XCBuildConfiguration section */

/* Begin XCConfigurationList section */
		8E6F7CEE2D70DCA100C30419 /* Build configuration list for PBXProject "BlogTasarim" */ = {
			isa = XCConfigurationList;
			buildConfigurations = (
				8E6F7D1B2D70DCA400C30419 /* Debug */,
				8E6F7D1C2D70DCA400C30419 /* Release */,
			);
			defaultConfigurationIsVisible = 0;
			defaultConfigurationName = Release;
		};
		8E6F7D1D2D70DCA400C30419 /* Build configuration list for PBXNativeTarget "BlogTasarim" */ = {
			isa = XCConfigurationList;
			buildConfigurations = (
				8E6F7D1E2D70DCA400C30419 /* Debug */,
				8E6F7D1F2D70DCA400C30419 /* Release */,
			);
			defaultConfigurationIsVisible = 0;
			defaultConfigurationName = Release;
		};
		8E6F7D202D70DCA400C30419 /* Build configuration list for PBXNativeTarget "BlogTasarimTests" */ = {
			isa = XCConfigurationList;
			buildConfigurations = (
				8E6F7D212D70DCA400C30419 /* Debug */,
				8E6F7D222D70DCA400C30419 /* Release */,
			);
			defaultConfigurationIsVisible = 0;
			defaultConfigurationName = Release;
		};
		8E6F7D232D70DCA400C30419 /* Build configuration list for PBXNativeTarget "BlogTasarimUITests" */ = {
			isa = XCConfigurationList;
			buildConfigurations = (
				8E6F7D242D70DCA400C30419 /* Debug */,
				8E6F7D252D70DCA400C30419 /* Release */,
			);
			defaultConfigurationIsVisible = 0;
			defaultConfigurationName = Release;
		};
/* End XCConfigurationList section */
	};
	rootObject = 8E6F7CEB2D70DCA100C30419 /* Project object */;
}
